
Microsoft Visual Studio Solution File, Format Version 12.00
# Visual Studio 14
VisualStudioVersion = 14.0.23107.0
MinimumVisualStudioVersion = 10.0.40219.1
Project("{FAE04EC0-301F-11D3-BF4B-00C04F79EFBC}") = "ProxyNet", "ProxyNet\ProxyNet.csproj", "{E087BA76-B6ED-4DE8-8BC6-5EAAB377543B}"
EndProject
Project("{FAE04EC0-301F-11D3-BF4B-00C04F79EFBC}") = "ProxyNet.Program", "ProxyNet.Program\ProxyNet.Program.csproj", "{D46FB2F4-22C5-4613-B815-FEADE6267E18}"
EndProject
Global
	GlobalSection(SolutionConfigurationPlatforms) = preSolution
		Debug|Any CPU = Debug|Any CPU
		Release|Any CPU = Release|Any CPU
	EndGlobalSection
	GlobalSection(ProjectConfigurationPlatforms) = postSolution
		{E087BA76-B6ED-4DE8-8BC6-5EAAB377543B}.Debug|Any CPU.ActiveCfg = Debug|Any CPU
		{E087BA76-B6ED-4DE8-8BC6-5EAAB377543B}.Debug|Any CPU.Build.0 = Debug|Any CPU
		{E087BA76-B6ED-4DE8-8BC6-5EAAB377543B}.Release|Any CPU.ActiveCfg = Release|Any CPU
		{E087BA76-B6ED-4DE8-8BC6-5EAAB377543B}.Release|Any CPU.Build.0 = Release|Any CPU
		{D46FB2F4-22C5-4613-B815-FEADE6267E18}.Debug|Any CPU.ActiveCfg = Debug|Any CPU
		{D46FB2F4-22C5-4613-B815-FEADE6267E18}.Debug|Any CPU.Build.0 = Debug|Any CPU
		{D46FB2F4-22C5-4613-B815-FEADE6267E18}.Release|Any CPU.ActiveCfg = Release|Any CPU
		{D46FB2F4-22C5-4613-B815-FEADE6267E18}.Release|Any CPU.Build.0 = Release|Any CPU
	EndGlobalSection
	GlobalSection(SolutionProperties) = preSolution
		HideSolutionNode = FALSE
	EndGlobalSection
EndGlobal
